<Solution>
  <Folder Name="/src/">
    <Project Path="src/Bundler.Abstractions/Bundler.Abstractions.csproj" />
    <Project Path="src/Bundler.Cli/Bundler.Cli.csproj" />
    <Project Path="src/Bundler.Core/Bundler.Core.csproj" />
    <Project Path="src/Bundler.MacApp/Bundler.MacApp.csproj" />
    <Project Path="src/Bundler.MacDmg/Bundler.MacDmg.csproj" />
    <Project Path="src/Bundler.MacPkg/Bundler.MacPkg.csproj" />
    <Project Path="src/Bundler.Deb/Bundler.Deb.csproj" />
    <Project Path="src/Bundler.Rpm/Bundler.Rpm.csproj" />
    <Project Path="src/Bundler.AppImage/Bundler.AppImage.csproj" />
    <Project Path="src/Bundler.Archive/Bundler.Archive.csproj" />
    <Project Path="src/Bundler.Nsis/Bundler.Nsis.csproj" />
    <Project Path="src/Bundler.Signing.Windows/Bundler.Signing.Windows.csproj" />
    <Project Path="src/Bundler.AlpineApk/Bundler.AlpineApk.csproj" />
    <Project Path="src/Bundler.Wix/Bundler.Wix.csproj" />
    <Project Path="src/Bundler.MSBuild/Bundler.MSBuild.csproj" />
    <Project Path="src/Bundler.Package/Bundler.Package.csproj" />
  </Folder>
  <Folder Name="/tests/">
    <Project Path="tests/Bundler.Tests/Bundler.Tests.csproj" />
  </Folder>
</Solution>
